// !$*UTF8*$!
{
	archiveVersion = 1;
	classes = {
	};
	objectVersion = 50;
	objects = {

/* Begin PBXBuildFile section */
		7D69D34A2124B0D000B9C73B /* AppDelegate.m in Sources */ = {isa = PBXBuildFile; fileRef = 7D69D3492124B0D000B9C73B /* AppDelegate.m */; };
		7D69D34D2124B0D000B9C73B /* ViewController.m in Sources */ = {isa = PBXBuildFile; fileRef = 7D69D34C2124B0D000B9C73B /* ViewController.m */; };
		7D69D3502124B0D000B9C73B /* Main.storyboard in Resources */ = {isa = PBXBuildFile; fileRef = 7D69D34E2124B0D000B9C73B /* Main.storyboard */; };
		7D69D3522124B0D200B9C73B /* Assets.xcassets in Resources */ = {isa = PBXBuildFile; fileRef = 7D69D3512124B0D200B9C73B /* Assets.xcassets */; };
		7D69D3552124B0D200B9C73B /* LaunchScreen.storyboard in Resources */ = {isa = PBXBuildFile; fileRef = 7D69D3532124B0D200B9C73B /* LaunchScreen.storyboard */; };
		7D69D3582124B0D200B9C73B /* main.m in Sources */ = {isa = PBXBuildFile; fileRef = 7D69D3572124B0D200B9C73B /* main.m */; };
		7D69D3622124B0D200B9C73B /* InstaKiloTests.m in Sources */ = {isa = PBXBuildFile; fileRef = 7D69D3612124B0D200B9C73B /* InstaKiloTests.m */; };
		7D69D36D2124B0D200B9C73B /* InstaKiloUITests.m in Sources */ = {isa = PBXBuildFile; fileRef = 7D69D36C2124B0D200B9C73B /* InstaKiloUITests.m */; };
		7D69D37C2124B38700B9C73B /* Photo.m in Sources */ = {isa = PBXBuildFile; fileRef = 7D69D37B2124B38700B9C73B /* Photo.m */; };
		7D69D37F2124B49900B9C73B /* PhotoCollectionViewCell.m in Sources */ = {isa = PBXBuildFile; fileRef = 7D69D37E2124B49900B9C73B /* PhotoCollectionViewCell.m */; };
/* End PBXBuildFile section */

/* Begin PBXContainerItemProxy section */
		7D69D35E2124B0D200B9C73B /* PBXContainerItemProxy */ = {
			isa = PBXContainerItemProxy;
			containerPortal = 7D69D33D2124B0D000B9C73B /* Project object */;
			proxyType = 1;
			remoteGlobalIDString = 7D69D3442124B0D000B9C73B;
			remoteInfo = InstaKilo;
		};
		7D69D3692124B0D200B9C73B /* PBXContainerItemProxy */ = {
			isa = PBXContainerItemProxy;
			containerPortal = 7D69D33D2124B0D000B9C73B /* Project object */;
			proxyType = 1;
			remoteGlobalIDString = 7D69D3442124B0D000B9C73B;
			remoteInfo = InstaKilo;
		};
/* End PBXContainerItemProxy section */

/* Begin PBXFileReference section */
		7D69D3452124B0D000B9C73B /* InstaKilo.app */ = {isa = PBXFileReference; explicitFileType = wrapper.application; includeInIndex = 0; path = InstaKilo.app; sourceTree = BUILT_PRODUCTS_DIR; };
		7D69D3482124B0D000B9C73B /* AppDelegate.h */ = {isa = PBXFileReference; lastKnownFileType = sourcecode.c.h; path = AppDelegate.h; sourceTree = "<group>"; };
		7D69D3492124B0D000B9C73B /* AppDelegate.m */ = {isa = PBXFileReference; lastKnownFileType = sourcecode.c.objc; path = AppDelegate.m; sourceTree = "<group>"; };
		7D69D34B2124B0D000B9C73B /* ViewController.h */ = {isa = PBXFileReference; lastKnownFileType = sourcecode.c.h; path = ViewController.h; sourceTree = "<group>"; };
		7D69D34C2124B0D000B9C73B /* ViewController.m */ = {isa = PBXFileReference; lastKnownFileType = sourcecode.c.objc; path = ViewController.m; sourceTree = "<group>"; };
		7D69D34F2124B0D000B9C73B /* Base */ = {isa = PBXFileReference; lastKnownFileType = file.storyboard; name = Base; path = Base.lproj/Main.storyboard; sourceTree = "<group>"; };
		7D69D3512124B0D200B9C73B /* Assets.xcassets */ = {isa = PBXFileReference; lastKnownFileType = folder.assetcatalog; path = Assets.xcassets; sourceTree = "<group>"; };
		7D69D3542124B0D200B9C73B /* Base */ = {isa = PBXFileReference; lastKnownFileType = file.storyboard; name = Base; path = Base.lproj/LaunchScreen.storyboard; sourceTree = "<group>"; };
		7D69D3562124B0D200B9C73B /* Info.plist */ = {isa = PBXFileReference; lastKnownFileType = text.plist.xml; path = Info.plist; sourceTree = "<group>"; };
		7D69D3572124B0D200B9C73B /* main.m */ = {isa = PBXFileReference; lastKnownFileType = sourcecode.c.objc; path = main.m; sourceTree = "<group>"; };
		7D69D35D2124B0D200B9C73B /* InstaKiloTests.xctest */ = {isa = PBXFileReference; explicitFileType = wrapper.cfbundle; includeInIndex = 0; path = InstaKiloTests.xctest; sourceTree = BUILT_PRODUCTS_DIR; };
		7D69D3612124B0D200B9C73B /* InstaKiloTests.m */ = {isa = PBXFileReference; lastKnownFileType = sourcecode.c.objc; path = InstaKiloTests.m; sourceTree = "<group>"; };
		7D69D3632124B0D200B9C73B /* Info.plist */ = {isa = PBXFileReference; lastKnownFileType = text.plist.xml; path = Info.plist; sourceTree = "<group>"; };
		7D69D3682124B0D200B9C73B /* InstaKiloUITests.xctest */ = {isa = PBXFileReference; explicitFileType = wrapper.cfbundle; includeInIndex = 0; path = InstaKiloUITests.xctest; sourceTree = BUILT_PRODUCTS_DIR; };
		7D69D36C2124B0D200B9C73B /* InstaKiloUITests.m */ = {isa = PBXFileReference; lastKnownFileType = sourcecode.c.objc; path = InstaKiloUITests.m; sourceTree = "<group>"; };
		7D69D36E2124B0D200B9C73B /* Info.plist */ = {isa = PBXFileReference; lastKnownFileType = text.plist.xml; path = Info.plist; sourceTree = "<group>"; };
		7D69D37A2124B38700B9C73B /* Photo.h */ = {isa = PBXFileReference; lastKnownFileType = sourcecode.c.h; path = Photo.h; sourceTree = "<group>"; };
		7D69D37B2124B38700B9C73B /* Photo.m */ = {isa = PBXFileReference; lastKnownFileType = sourcecode.c.objc; path = Photo.m; sourceTree = "<group>"; };
		7D69D37D2124B49900B9C73B /* PhotoCollectionViewCell.h */ = {isa = PBXFileReference; lastKnownFileType = sourcecode.c.h; path = PhotoCollectionViewCell.h; sourceTree = "<group>"; };
		7D69D37E2124B49900B9C73B /* PhotoCollectionViewCell.m */ = {isa = PBXFileReference; lastKnownFileType = sourcecode.c.objc; path = PhotoCollectionViewCell.m; sourceTree = "<group>"; };
/* End PBXFileReference section */

/* Begin PBXFrameworksBuildPhase section */
		7D69D3422124B0D000B9C73B /* Frameworks */ = {
			isa = PBXFrameworksBuildPhase;
			buildActionMask = 2147483647;
			files = (
			);
			runOnlyForDeploymentPostprocessing = 0;
		};
		7D69D35A2124B0D200B9C73B /* Frameworks */ = {
			isa = PBXFrameworksBuildPhase;
			buildActionMask = 2147483647;
			files = (
			);
			runOnlyForDeploymentPostprocessing = 0;
		};
		7D69D3652124B0D200B9C73B /* Frameworks */ = {
			isa = PBXFrameworksBuildPhase;
			buildActionMask = 2147483647;
			files = (
			);
			runOnlyForDeploymentPostprocessing = 0;
		};
/* End PBXFrameworksBuildPhase section */

/* Begin PBXGroup section */
		7D69D33C2124B0D000B9C73B = {
			isa = PBXGroup;
			children = (
				7D69D3472124B0D000B9C73B /* InstaKilo */,
				7D69D3602124B0D200B9C73B /* InstaKiloTests */,
				7D69D36B2124B0D200B9C73B /* InstaKiloUITests */,
				7D69D3462124B0D000B9C73B /* Products */,
			);
			sourceTree = "<group>";
		};
		7D69D3462124B0D000B9C73B /* Products */ = {
			isa = PBXGroup;
			children = (
				7D69D3452124B0D000B9C73B /* InstaKilo.app */,
				7D69D35D2124B0D200B9C73B /* InstaKiloTests.xctest */,
				7D69D3682124B0D200B9C73B /* InstaKiloUITests.xctest */,
			);
			name = Products;
			sourceTree = "<group>";
		};
		7D69D3472124B0D000B9C73B /* InstaKilo */ = {
			isa = PBXGroup;
			children = (
				7D69D3812124B52500B9C73B /* Model */,
				7D69D3822124B53500B9C73B /* View */,
				7D69D3802124B51800B9C73B /* Controller */,
				7D69D3832124B54000B9C73B /* Storyboards */,
				7D69D3512124B0D200B9C73B /* Assets.xcassets */,
				7D69D3562124B0D200B9C73B /* Info.plist */,
				7D69D3572124B0D200B9C73B /* main.m */,
				7D69D3482124B0D000B9C73B /* AppDelegate.h */,
				7D69D3492124B0D000B9C73B /* AppDelegate.m */,
			);
			path = InstaKilo;
			sourceTree = "<group>";
		};
		7D69D3602124B0D200B9C73B /* InstaKiloTests */ = {
			isa = PBXGroup;
			children = (
				7D69D3612124B0D200B9C73B /* InstaKiloTests.m */,
				7D69D3632124B0D200B9C73B /* Info.plist */,
			);
			path = InstaKiloTests;
			sourceTree = "<group>";
		};
		7D69D36B2124B0D200B9C73B /* InstaKiloUITests */ = {
			isa = PBXGroup;
			children = (
				7D69D36C2124B0D200B9C73B /* InstaKiloUITests.m */,
				7D69D36E2124B0D200B9C73B /* Info.plist */,
			);
			path = InstaKiloUITests;
			sourceTree = "<group>";
		};
		7D69D3802124B51800B9C73B /* Controller */ = {
			isa = PBXGroup;
			children = (
				7D69D34B2124B0D000B9C73B /* ViewController.h */,
				7D69D34C2124B0D000B9C73B /* ViewController.m */,
			);
			path = Controller;
			sourceTree = "<group>";
		};
		7D69D3812124B52500B9C73B /* Model */ = {
			isa = PBXGroup;
			children = (
				7D69D37A2124B38700B9C73B /* Photo.h */,
				7D69D37B2124B38700B9C73B /* Photo.m */,
			);
			path = Model;
			sourceTree = "<group>";
		};
		7D69D3822124B53500B9C73B /* View */ = {
			isa = PBXGroup;
			children = (
				7D69D37D2124B49900B9C73B /* PhotoCollectionViewCell.h */,
				7D69D37E2124B49900B9C73B /* PhotoCollectionViewCell.m */,
			);
			path = View;
			sourceTree = "<group>";
		};
		7D69D3832124B54000B9C73B /* Storyboards */ = {
			isa = PBXGroup;
			children = (
				7D69D34E2124B0D000B9C73B /* Main.storyboard */,
				7D69D3532124B0D200B9C73B /* LaunchScreen.storyboard */,
			);
			path = Storyboards;
			sourceTree = "<group>";
		};
/* End PBXGroup section */

/* Begin PBXNativeTarget section */
		7D69D3442124B0D000B9C73B /* InstaKilo */ = {
			isa = PBXNativeTarget;
			buildConfigurationList = 7D69D3712124B0D200B9C73B /* Build configuration list for PBXNativeTarget "InstaKilo" */;
			buildPhases = (
				7D69D3412124B0D000B9C73B /* Sources */,
				7D69D3422124B0D000B9C73B /* Frameworks */,
				7D69D3432124B0D000B9C73B /* Resources */,
			);
			buildRules = (
			);
			dependencies = (
			);
			name = InstaKilo;
			productName = InstaKilo;
			productReference = 7D69D3452124B0D000B9C73B /* InstaKilo.app */;
			productType = "com.apple.product-type.application";
		};
		7D69D35C2124B0D200B9C73B /* InstaKiloTests */ = {
			isa = PBXNativeTarget;
			buildConfigurationList = 7D69D3742124B0D200B9C73B /* Build configuration list for PBXNativeTarget "InstaKiloTests" */;
			buildPhases = (
				7D69D3592124B0D200B9C73B /* Sources */,
				7D69D35A2124B0D200B9C73B /* Frameworks */,
				7D69D35B2124B0D200B9C73B /* Resources */,
			);
			buildRules = (
			);
			dependencies = (
				7D69D35F2124B0D200B9C73B /* PBXTargetDependency */,
			);
			name = InstaKiloTests;
			productName = InstaKiloTests;
			productReference = 7D69D35D2124B0D200B9C73B /* InstaKiloTests.xctest */;
			productType = "com.apple.product-type.bundle.unit-test";
		};
		7D69D3672124B0D200B9C73B /* InstaKiloUITests */ = {
			isa = PBXNativeTarget;
			buildConfigurationList = 7D69D3772124B0D200B9C73B /* Build configuration list for PBXNativeTarget "InstaKiloUITests" */;
			buildPhases = (
				7D69D3642124B0D200B9C73B /* Sources */,
				7D69D3652124B0D200B9C73B /* Frameworks */,
				7D69D3662124B0D200B9C73B /* Resources */,
			);
			buildRules = (
			);
			dependencies = (
				7D69D36A2124B0D200B9C73B /* PBXTargetDependency */,
			);
			name = InstaKiloUITests;
			productName = InstaKiloUITests;
			productReference = 7D69D3682124B0D200B9C73B /* InstaKiloUITests.xctest */;
			productType = "com.apple.product-type.bundle.ui-testing";
		};
/* End PBXNativeTarget section */

/* Begin PBXProject section */
		7D69D33D2124B0D000B9C73B /* Project object */ = {
			isa = PBXProject;
			attributes = {
				LastUpgradeCheck = 0940;
				ORGANIZATIONNAME = Jamie;
				TargetAttributes = {
					7D69D3442124B0D000B9C73B = {
						CreatedOnToolsVersion = 9.4.1;
					};
					7D69D35C2124B0D200B9C73B = {
						CreatedOnToolsVersion = 9.4.1;
						TestTargetID = 7D69D3442124B0D000B9C73B;
					};
					7D69D3672124B0D200B9C73B = {
						CreatedOnToolsVersion = 9.4.1;
						TestTargetID = 7D69D3442124B0D000B9C73B;
					};
				};
			};
			buildConfigurationList = 7D69D3402124B0D000B9C73B /* Build configuration list for PBXProject "InstaKilo" */;
			compatibilityVersion = "Xcode 9.3";
			developmentRegion = en;
			hasScannedForEncodings = 0;
			knownRegions = (
				en,
				Base,
			);
			mainGroup = 7D69D33C2124B0D000B9C73B;
			productRefGroup = 7D69D3462124B0D000B9C73B /* Products */;
			projectDirPath = "";
			projectRoot = "";
			targets = (
				7D69D3442124B0D000B9C73B /* InstaKilo */,
				7D69D35C2124B0D200B9C73B /* InstaKiloTests */,
				7D69D3672124B0D200B9C73B /* InstaKiloUITests */,
			);
		};
/* End PBXProject section */

/* Begin PBXResourcesBuildPhase section */
		7D69D3432124B0D000B9C73B /* Resources */ = {
			isa = PBXResourcesBuildPhase;
			buildActionMask = 2147483647;
			files = (
				7D69D3552124B0D200B9C73B /* LaunchScreen.storyboard in Resources */,
				7D69D3522124B0D200B9C73B /* Assets.xcassets in Resources */,
				7D69D3502124B0D000B9C73B /* Main.storyboard in Resources */,
			);
			runOnlyForDeploymentPostprocessing = 0;
		};
		7D69D35B2124B0D200B9C73B /* Resources */ = {
			isa = PBXResourcesBuildPhase;
			buildActionMask = 2147483647;
			files = (
			);
			runOnlyForDeploymentPostprocessing = 0;
		};
		7D69D3662124B0D200B9C73B /* Resources */ = {
			isa = PBXResourcesBuildPhase;
			buildActionMask = 2147483647;
			files = (
			);
			runOnlyForDeploymentPostprocessing = 0;
		};
/* End PBXResourcesBuildPhase section */

/* Begin PBXSourcesBuildPhase section */
		7D69D3412124B0D000B9C73B /* Sources */ = {
			isa = PBXSourcesBuildPhase;
			buildActionMask = 2147483647;
			files = (
				7D69D37C2124B38700B9C73B /* Photo.m in Sources */,
				7D69D34D2124B0D000B9C73B /* ViewController.m in Sources */,
				7D69D3582124B0D200B9C73B /* main.m in Sources */,
				7D69D37F2124B49900B9C73B /* PhotoCollectionViewCell.m in Sources */,
				7D69D34A2124B0D000B9C73B /* AppDelegate.m in Sources */,
			);
			runOnlyForDeploymentPostprocessing = 0;
		};
		7D69D3592124B0D200B9C73B /* Sources */ = {
			isa = PBXSourcesBuildPhase;
			buildActionMask = 2147483647;
			files = (
				7D69D3622124B0D200B9C73B /* InstaKiloTests.m in Sources */,
			);
			runOnlyForDeploymentPostprocessing = 0;
		};
		7D69D3642124B0D200B9C73B /* Sources */ = {
			isa = PBXSourcesBuildPhase;
			buildActionMask = 2147483647;
			files = (
				7D69D36D2124B0D200B9C73B /* InstaKiloUITests.m in Sources */,
			);
			runOnlyForDeploymentPostprocessing = 0;
		};
/* End PBXSourcesBuildPhase section */

/* Begin PBXTargetDependency section */
		7D69D35F2124B0D200B9C73B /* PBXTargetDependency */ = {
			isa = PBXTargetDependency;
			target = 7D69D3442124B0D000B9C73B /* InstaKilo */;
			targetProxy = 7D69D35E2124B0D200B9C73B /* PBXContainerItemProxy */;
		};
		7D69D36A2124B0D200B9C73B /* PBXTargetDependency */ = {
			isa = PBXTargetDependency;
			target = 7D69D3442124B0D000B9C73B /* InstaKilo */;
			targetProxy = 7D69D3692124B0D200B9C73B /* PBXContainerItemProxy */;
		};
/* End PBXTargetDependency section */

/* Begin PBXVariantGroup section */
		7D69D34E2124B0D000B9C73B /* Main.storyboard */ = {
			isa = PBXVariantGroup;
			children = (
				7D69D34F2124B0D000B9C73B /* Base */,
			);
			name = Main.storyboard;
			sourceTree = "<group>";
		};
		7D69D3532124B0D200B9C73B /* LaunchScreen.storyboard */ = {
			isa = PBXVariantGroup;
			children = (
				7D69D3542124B0D200B9C73B /* Base */,
			);
			name = LaunchScreen.storyboard;
			sourceTree = "<group>";
		};
/* End PBXVariantGroup section */

/* Begin XCBuildConfiguration section */
		7D69D36F2124B0D200B9C73B /* Debug */ = {
			isa = XCBuildConfiguration;
			buildSettings = {
				ALWAYS_SEARCH_USER_PATHS = NO;
				CLANG_ANALYZER_NONNULL = YES;
				CLANG_ANALYZER_NUMBER_OBJECT_CONVERSION = YES_AGGRESSIVE;
				CLANG_CXX_LANGUAGE_STANDARD = "gnu++14";
				CLANG_CXX_LIBRARY = "libc++";
				CLANG_ENABLE_MODULES = YES;
				CLANG_ENABLE_OBJC_ARC = YES;
				CLANG_ENABLE_OBJC_WEAK = YES;
				CLANG_WARN_BLOCK_CAPTURE_AUTORELEASING = YES;
				CLANG_WARN_BOOL_CONVERSION = YES;
				CLANG_WARN_COMMA = YES;
				CLANG_WARN_CONSTANT_CONVERSION = YES;
				CLANG_WARN_DEPRECATED_OBJC_IMPLEMENTATIONS = YES;
				CLANG_WARN_DIRECT_OBJC_ISA_USAGE = YES_ERROR;
				CLANG_WARN_DOCUMENTATION_COMMENTS = YES;
				CLANG_WARN_EMPTY_BODY = YES;
				CLANG_WARN_ENUM_CONVERSION = YES;
				CLANG_WARN_INFINITE_RECURSION = YES;
				CLANG_WARN_INT_CONVERSION = YES;
				CLANG_WARN_NON_LITERAL_NULL_CONVERSION = YES;
				CLANG_WARN_OBJC_IMPLICIT_RETAIN_SELF = YES;
				CLANG_WARN_OBJC_LITERAL_CONVERSION = YES;
				CLANG_WARN_OBJC_ROOT_CLASS = YES_ERROR;
				CLANG_WARN_RANGE_LOOP_ANALYSIS = YES;
				CLANG_WARN_STRICT_PROTOTYPES = YES;
				CLANG_WARN_SUSPICIOUS_MOVE = YES;
				CLANG_WARN_UNGUARDED_AVAILABILITY = YES_AGGRESSIVE;
				CLANG_WARN_UNREACHABLE_CODE = YES;
				CLANG_WARN__DUPLICATE_METHOD_MATCH = YES;
				CODE_SIGN_IDENTITY = "iPhone Developer";
				COPY_PHASE_STRIP = NO;
				DEBUG_INFORMATION_FORMAT = dwarf;
				ENABLE_STRICT_OBJC_MSGSEND = YES;
				ENABLE_TESTABILITY = YES;
				GCC_C_LANGUAGE_STANDARD = gnu11;
				GCC_DYNAMIC_NO_PIC = NO;
				GCC_NO_COMMON_BLOCKS = YES;
				GCC_OPTIMIZATION_LEVEL = 0;
				GCC_PREPROCESSOR_DEFINITIONS = (
					"DEBUG=1",
					"$(inherited)",
				);
				GCC_WARN_64_TO_32_BIT_CONVERSION = YES;
				GCC_WARN_ABOUT_RETURN_TYPE = YES_ERROR;
				GCC_WARN_UNDECLARED_SELECTOR = YES;
				GCC_WARN_UNINITIALIZED_AUTOS = YES_AGGRESSIVE;
				GCC_WARN_UNUSED_FUNCTION = YES;
				GCC_WARN_UNUSED_VARIABLE = YES;
				IPHONEOS_DEPLOYMENT_TARGET = 11.4;
				MTL_ENABLE_DEBUG_INFO = YES;
				ONLY_ACTIVE_ARCH = YES;
				SDKROOT = iphoneos;
			};
			name = Debug;
		};
		7D69D3702124B0D200B9C73B /* Release */ = {
			isa = XCBuildConfiguration;
			buildSettings = {
				ALWAYS_SEARCH_USER_PATHS = NO;
				CLANG_ANALYZER_NONNULL = YES;
				CLANG_ANALYZER_NUMBER_OBJECT_CONVERSION = YES_AGGRESSIVE;
				CLANG_CXX_LANGUAGE_STANDARD = "gnu++14";
				CLANG_CXX_LIBRARY = "libc++";
				CLANG_ENABLE_MODULES = YES;
				CLANG_ENABLE_OBJC_ARC = YES;
				CLANG_ENABLE_OBJC_WEAK = YES;
				CLANG_WARN_BLOCK_CAPTURE_AUTORELEASING = YES;
				CLANG_WARN_BOOL_CONVERSION = YES;
				CLANG_WARN_COMMA = YES;
				CLANG_WARN_CONSTANT_CONVERSION = YES;
				CLANG_WARN_DEPRECATED_OBJC_IMPLEMENTATIONS = YES;
				CLANG_WARN_DIRECT_OBJC_ISA_USAGE = YES_ERROR;
				CLANG_WARN_DOCUMENTATION_COMMENTS = YES;
				CLANG_WARN_EMPTY_BODY = YES;
				CLANG_WARN_ENUM_CONVERSION = YES;
				CLANG_WARN_INFINITE_RECURSION = YES;
				CLANG_WARN_INT_CONVERSION = YES;
				CLANG_WARN_NON_LITERAL_NULL_CONVERSION = YES;
				CLANG_WARN_OBJC_IMPLICIT_RETAIN_SELF = YES;
				CLANG_WARN_OBJC_LITERAL_CONVERSION = YES;
				CLANG_WARN_OBJC_ROOT_CLASS = YES_ERROR;
				CLANG_WARN_RANGE_LOOP_ANALYSIS = YES;
				CLANG_WARN_STRICT_PROTOTYPES = YES;
				CLANG_WARN_SUSPICIOUS_MOVE = YES;
				CLANG_WARN_UNGUARDED_AVAILABILITY = YES_AGGRESSIVE;
				CLANG_WARN_UNREACHABLE_CODE = YES;
				CLANG_WARN__DUPLICATE_METHOD_MATCH = YES;
				CODE_SIGN_IDENTITY = "iPhone Developer";
				COPY_PHASE_STRIP = NO;
				DEBUG_INFORMATION_FORMAT = "dwarf-with-dsym";
				ENABLE_NS_ASSERTIONS = NO;
				ENABLE_STRICT_OBJC_MSGSEND = YES;
				GCC_C_LANGUAGE_STANDARD = gnu11;
				GCC_NO_COMMON_BLOCKS = YES;
				GCC_WARN_64_TO_32_BIT_CONVERSION = YES;
				GCC_WARN_ABOUT_RETURN_TYPE = YES_ERROR;
				GCC_WARN_UNDECLARED_SELECTOR = YES;
				GCC_WARN_UNINITIALIZED_AUTOS = YES_AGGRESSIVE;
				GCC_WARN_UNUSED_FUNCTION = YES;
				GCC_WARN_UNUSED_VARIABLE = YES;
				IPHONEOS_DEPLOYMENT_TARGET = 11.4;
				MTL_ENABLE_DEBUG_INFO = NO;
				SDKROOT = iphoneos;
				VALIDATE_PRODUCT = YES;
			};
			name = Release;
		};
		7D69D3722124B0D200B9C73B /* Debug */ = {
			isa = XCBuildConfiguration;
			buildSettings = {
				ASSETCATALOG_COMPILER_APPICON_NAME = AppIcon;
				CODE_SIGN_STYLE = Automatic;
				INFOPLIST_FILE = InstaKilo/Info.plist;
				LD_RUNPATH_SEARCH_PATHS = (
					"$(inherited)",
					"@executable_path/Frameworks",
				);
				PRODUCT_BUNDLE_IDENTIFIER = "Feeny-Corp.InstaKilo";
				PRODUCT_NAME = "$(TARGET_NAME)";
				TARGETED_DEVICE_FAMILY = "1,2";
			};
			name = Debug;
		};
		7D69D3732124B0D200B9C73B /* Release */ = {
			isa = XCBuildConfiguration;
			buildSettings = {
				ASSETCATALOG_COMPILER_APPICON_NAME = AppIcon;
				CODE_SIGN_STYLE = Automatic;
				INFOPLIST_FILE = InstaKilo/Info.plist;
				LD_RUNPATH_SEARCH_PATHS = (
					"$(inherited)",
					"@executable_path/Frameworks",
				);
				PRODUCT_BUNDLE_IDENTIFIER = "Feeny-Corp.InstaKilo";
				PRODUCT_NAME = "$(TARGET_NAME)";
				TARGETED_DEVICE_FAMILY = "1,2";
			};
			name = Release;
		};
		7D69D3752124B0D200B9C73B /* Debug */ = {
			isa = XCBuildConfiguration;
			buildSettings = {
				BUNDLE_LOADER = "$(TEST_HOST)";
				CODE_SIGN_STYLE = Automatic;
				INFOPLIST_FILE = InstaKiloTests/Info.plist;
				LD_RUNPATH_SEARCH_PATHS = (
					"$(inherited)",
					"@executable_path/Frameworks",
					"@loader_path/Frameworks",
				);
				PRODUCT_BUNDLE_IDENTIFIER = "Feeny-Corp.InstaKiloTests";
				PRODUCT_NAME = "$(TARGET_NAME)";
				TARGETED_DEVICE_FAMILY = "1,2";
				TEST_HOST = "$(BUILT_PRODUCTS_DIR)/InstaKilo.app/InstaKilo";
			};
			name = Debug;
		};
		7D69D3762124B0D200B9C73B /* Release */ = {
			isa = XCBuildConfiguration;
			buildSettings = {
				BUNDLE_LOADER = "$(TEST_HOST)";
				CODE_SIGN_STYLE = Automatic;
				INFOPLIST_FILE = InstaKiloTests/Info.plist;
				LD_RUNPATH_SEARCH_PATHS = (
					"$(inherited)",
					"@executable_path/Frameworks",
					"@loader_path/Frameworks",
				);
				PRODUCT_BUNDLE_IDENTIFIER = "Feeny-Corp.InstaKiloTests";
				PRODUCT_NAME = "$(TARGET_NAME)";
				TARGETED_DEVICE_FAMILY = "1,2";
				TEST_HOST = "$(BUILT_PRODUCTS_DIR)/InstaKilo.app/InstaKilo";
			};
			name = Release;
		};
		7D69D3782124B0D200B9C73B /* Debug */ = {
			isa = XCBuildConfiguration;
			buildSettings = {
				CODE_SIGN_STYLE = Automatic;
				INFOPLIST_FILE = InstaKiloUITests/Info.plist;
				LD_RUNPATH_SEARCH_PATHS = (
					"$(inherited)",
					"@executable_path/Frameworks",
					"@loader_path/Frameworks",
				);
				PRODUCT_BUNDLE_IDENTIFIER = "Feeny-Corp.InstaKiloUITests";
				PRODUCT_NAME = "$(TARGET_NAME)";
				TARGETED_DEVICE_FAMILY = "1,2";
				TEST_TARGET_NAME = InstaKilo;
			};
			name = Debug;
		};
		7D69D3792124B0D200B9C73B /* Release */ = {
			isa = XCBuildConfiguration;
			buildSettings = {
				CODE_SIGN_STYLE = Automatic;
				INFOPLIST_FILE = InstaKiloUITests/Info.plist;
				LD_RUNPATH_SEARCH_PATHS = (
					"$(inherited)",
					"@executable_path/Frameworks",
					"@loader_path/Frameworks",
				);
				PRODUCT_BUNDLE_IDENTIFIER = "Feeny-Corp.InstaKiloUITests";
				PRODUCT_NAME = "$(TARGET_NAME)";
				TARGETED_DEVICE_FAMILY = "1,2";
				TEST_TARGET_NAME = InstaKilo;
			};
			name = Release;
		};
/* End XCBuildConfiguration section */

/* Begin XCConfigurationList section */
		7D69D3402124B0D000B9C73B /* Build configuration list for PBXProject "InstaKilo" */ = {
			isa = XCConfigurationList;
			buildConfigurations = (
				7D69D36F2124B0D200B9C73B /* Debug */,
				7D69D3702124B0D200B9C73B /* Release */,
			);
			defaultConfigurationIsVisible = 0;
			defaultConfigurationName = Release;
		};
		7D69D3712124B0D200B9C73B /* Build configuration list for PBXNativeTarget "InstaKilo" */ = {
			isa = XCConfigurationList;
			buildConfigurations = (
				7D69D3722124B0D200B9C73B /* Debug */,
				7D69D3732124B0D200B9C73B /* Release */,
			);
			defaultConfigurationIsVisible = 0;
			defaultConfigurationName = Release;
		};
		7D69D3742124B0D200B9C73B /* Build configuration list for PBXNativeTarget "InstaKiloTests" */ = {
			isa = XCConfigurationList;
			buildConfigurations = (
				7D69D3752124B0D200B9C73B /* Debug */,
				7D69D3762124B0D200B9C73B /* Release */,
			);
			defaultConfigurationIsVisible = 0;
			defaultConfigurationName = Release;
		};
		7D69D3772124B0D200B9C73B /* Build configuration list for PBXNativeTarget "InstaKiloUITests" */ = {
			isa = XCConfigurationList;
			buildConfigurations = (
				7D69D3782124B0D200B9C73B /* Debug */,
				7D69D3792124B0D200B9C73B /* Release */,
			);
			defaultConfigurationIsVisible = 0;
			defaultConfigurationName = Release;
		};
/* End XCConfigurationList section */
	};
	rootObject = 7D69D33D2124B0D000B9C73B /* Project object */;
}
